// !$*UTF8*$!
{
	archiveVersion = 1;
	classes = {
	};
	objectVersion = 77;
	objects = {

/* Begin PBXBuildFile section */
		0E538C8AD283797D4186A398 /* CSVExportTests.swift in Sources */ = {isa = PBXBuildFile; fileRef = AFDF4DE4D9B9CDE1B013167E /* CSVExportTests.swift */; };
		46A17BE5C51ECEE95ED7CC12 /* ICloudExportSection.swift in Sources */ = {isa = PBXBuildFile; fileRef = 1752A1BB5B45F47EEF25D9AD /* ICloudExportSection.swift */; };
		52DD394A9E74C64D87D40EE2 /* CSVExportGenerator.swift in Sources */ = {isa = PBXBuildFile; fileRef = 8872EDA4A117F9738FB67AF3 /* CSVExportGenerator.swift */; };
		5A606EDF5B86CAF8CA5EA819 /* CSVExportModels.swift in Sources */ = {isa = PBXBuildFile; fileRef = 1E6EC6902FE40365C766F7D6 /* CSVExportModels.swift */; };
		D37DFF5A151D0123EE70D1B8 /* ICloudExportService.swift in Sources */ = {isa = PBXBuildFile; fileRef = CD7AC441C8965F72E2B587E6 /* ICloudExportService.swift */; };
		05F9A583349EAC0BC386EE83 /* ScreenshotSeeder.swift in Sources */ = {isa = PBXBuildFile; fileRef = 2456B1B7A0C4ACE41BB3684E /* ScreenshotSeeder.swift */; };
		06B12AAB2EB390D1863D8251 /* Assets.xcassets in Resources */ = {isa = PBXBuildFile; fileRef = E2F531606F4408AE0B32B118 /* Assets.xcassets */; };
		0787761CE9DD46121F7DF8A3 /* NotificationServiceTests.swift in Sources */ = {isa = PBXBuildFile; fileRef = DD935686F580D50455530119 /* NotificationServiceTests.swift */; };
		07BB70330042288BB05AAE80 /* ExercisePresetService.swift in Sources */ = {isa = PBXBuildFile; fileRef = F90F7B1B6BBC5B351734C600 /* ExercisePresetService.swift */; };
		08CEBD7A5613D06931361D08 /* ImageCompressor.swift in Sources */ = {isa = PBXBuildFile; fileRef = 05114FB97BFE953DB1E69375 /* ImageCompressor.swift */; };
		0A48AAD7F6825C96FDE772FD /* NotificationSetting.swift in Sources */ = {isa = PBXBuildFile; fileRef = ECB9DED9FA2F5DDA0EA12822 /* NotificationSetting.swift */; };
		0D489E4CAD3C42D53222D2C3 /* LLMAPIServiceTests.swift in Sources */ = {isa = PBXBuildFile; fileRef = 773CE6629CF7CBB5B29CFF51 /* LLMAPIServiceTests.swift */; };
		0FB5D9BA3F77F448741F8CB2 /* OnDeviceLLMService.swift in Sources */ = {isa = PBXBuildFile; fileRef = A9B96CF495502A6465E3686F /* OnDeviceLLMService.swift */; };
		104846F9354C14C833BF2E1A /* AIClient.swift in Sources */ = {isa = PBXBuildFile; fileRef = B2FB3B9310514DD937AC1A21 /* AIClient.swift */; };
		138406F3A9821EE2B17CBC42 /* ChatMessage.swift in Sources */ = {isa = PBXBuildFile; fileRef = F17175B8BE749EB90DD6367B /* ChatMessage.swift */; };
		1530D3439B2DB0578C7FE89C /* SystemPromptBuilder.swift in Sources */ = {isa = PBXBuildFile; fileRef = DC11384FB32B634570602025 /* SystemPromptBuilder.swift */; };
		16DE3CF1624659F3199827B9 /* MealConfirmView.swift in Sources */ = {isa = PBXBuildFile; fileRef = 778DE0C2EF7E3FEC4B29B179 /* MealConfirmView.swift */; };
		1787B4B5AB405462623A1A57 /* ContentView.swift in Sources */ = {isa = PBXBuildFile; fileRef = 122D8B90907DED0A4F6BF160 /* ContentView.swift */; };
		17CEABDCBB50C9C45146A721 /* KeyboardDismiss.swift in Sources */ = {isa = PBXBuildFile; fileRef = D62291787D54BEFB76D77731 /* KeyboardDismiss.swift */; };
		1B3800E8372352B996171DD3 /* KeychainServiceTests.swift in Sources */ = {isa = PBXBuildFile; fileRef = 0441871ABDC563C063788A35 /* KeychainServiceTests.swift */; };
		2014215565BA8B79E99AF6FD /* WorkoutEntryStartView.swift in Sources */ = {isa = PBXBuildFile; fileRef = E744935E05F0E2B82D76468B /* WorkoutEntryStartView.swift */; };
		21C9E90D4820732B497307CA /* MonthCalendarView.swift in Sources */ = {isa = PBXBuildFile; fileRef = 17B0A28A2DEDD9A1BEDAF04E /* MonthCalendarView.swift */; };
		2B079FDA07B347F3C9FFADC5 /* MealInputMethodView.swift in Sources */ = {isa = PBXBuildFile; fileRef = 2EDD4CE959817F3DEFEE0961 /* MealInputMethodView.swift */; };
		2BD2DFD0CAD280614DD97656 /* AIPrivacyViews.swift in Sources */ = {isa = PBXBuildFile; fileRef = 9C1DA6BC4F8F81FECF1F87EC /* AIPrivacyViews.swift */; };
		2D8864E2AB82A646DA3891BC /* ChatHistoryStoreTests.swift in Sources */ = {isa = PBXBuildFile; fileRef = 502FA1EE447D4F9A8BFDF116 /* ChatHistoryStoreTests.swift */; };
		30E05F1C76E0413B19C9C94E /* WorkoutRecordSheet.swift in Sources */ = {isa = PBXBuildFile; fileRef = B706303810A7484460133DE2 /* WorkoutRecordSheet.swift */; };
		337CA0F28A72B51009E6384A /* WorkoutCSVImporter.swift in Sources */ = {isa = PBXBuildFile; fileRef = 2AB60D85E503124A0A7C3CF4 /* WorkoutCSVImporter.swift */; };
		3B55CE351B6009C51A0B73AD /* ChatSessionListView.swift in Sources */ = {isa = PBXBuildFile; fileRef = F634A91922DB94A55D3383DF /* ChatSessionListView.swift */; };
		3EE86521941C8DAC93E56F00 /* Exercise.swift in Sources */ = {isa = PBXBuildFile; fileRef = 4AF56C072AF9DB26469C43DD /* Exercise.swift */; };
		42A97B918A483FCFBBED8EF5 /* AppStoreScreenshotTests.swift in Sources */ = {isa = PBXBuildFile; fileRef = C2C1E2A9C4E5E8DB7FDBDE1D /* AppStoreScreenshotTests.swift */; };
		4739FF50B728C197DD1C7FB3 /* PrivacyInfo.xcprivacy in Resources */ = {isa = PBXBuildFile; fileRef = 2A862B1C88211C117161AC7D /* PrivacyInfo.xcprivacy */; };
		51DF91DE96C6A4A0E597BE50 /* ExerciseEntrySection.swift in Sources */ = {isa = PBXBuildFile; fileRef = DF9D900FB568663D1ABEA99C /* ExerciseEntrySection.swift */; };
		578338BF24C0E45141AB6EFA /* ExercisePickerView.swift in Sources */ = {isa = PBXBuildFile; fileRef = 1C8FE3399E0EFEC79ECEDAB4 /* ExercisePickerView.swift */; };
		5954ECE988918992693AA9A9 /* BodyOpsTests.swift in Sources */ = {isa = PBXBuildFile; fileRef = 9A98EDB1F197EB273DC68DB3 /* BodyOpsTests.swift */; };
		5E7992A5395F58C00F6C5864 /* OpenAIPayloads.swift in Sources */ = {isa = PBXBuildFile; fileRef = 64DD309CAEDC2561F36D21B1 /* OpenAIPayloads.swift */; };
		63211D5E371BE96A68E9E670 /* LLMAPIService.swift in Sources */ = {isa = PBXBuildFile; fileRef = C30A0B031BF2AE537623017C /* LLMAPIService.swift */; };
		6506C89C8324B14CC080B86F /* TodayViewModel.swift in Sources */ = {isa = PBXBuildFile; fileRef = ACBBDBFC0C4DAFC3FCA80590 /* TodayViewModel.swift */; };
		69F90F6E8559CB79E8CF6133 /* OnDeviceAvailability.swift in Sources */ = {isa = PBXBuildFile; fileRef = 55F08DE59EB1327C60BB3E65 /* OnDeviceAvailability.swift */; };
		6A44E5E995E8A4AC45B890ED /* ExercisePresetServiceTests.swift in Sources */ = {isa = PBXBuildFile; fileRef = 3069A86FDD6499591A73D469 /* ExercisePresetServiceTests.swift */; };
		6B0FDAE5C1DDF0A316FE810C /* WorkoutSet.swift in Sources */ = {isa = PBXBuildFile; fileRef = 465A3FD33F9A3369CECACB2A /* WorkoutSet.swift */; };
		6DD467E5A46808397EE7C15E /* MealRecordSheet.swift in Sources */ = {isa = PBXBuildFile; fileRef = FC49742C68987B746BB11F0C /* MealRecordSheet.swift */; };
		71B4B38AB3F58D116A9D9840 /* MealRecordViewModel.swift in Sources */ = {isa = PBXBuildFile; fileRef = 3434D42C024B5D50E8310B5B /* MealRecordViewModel.swift */; };
		7D6A8928844D3DB2EBF445E1 /* GeminiPayloads.swift in Sources */ = {isa = PBXBuildFile; fileRef = 2D2710360FFD5CB09CF514DE /* GeminiPayloads.swift */; };
		7F063A9174161847B153514D /* SetInputRow.swift in Sources */ = {isa = PBXBuildFile; fileRef = 3049BD72A8B6C10C5971B403 /* SetInputRow.swift */; };
		819D94C9433138B347257D4F /* RecordTabView.swift in Sources */ = {isa = PBXBuildFile; fileRef = 79EE4FE2BB5387576D87561D /* RecordTabView.swift */; };
		87DF2D47C36A99F236951CF4 /* CameraPickerView.swift in Sources */ = {isa = PBXBuildFile; fileRef = 65BA2F29C763C6C0F664DF26 /* CameraPickerView.swift */; };
		8C406FA08E6DC35EE9C5DACB /* CalendarExtensions.swift in Sources */ = {isa = PBXBuildFile; fileRef = EAB9C8CFCFC5FA086ED59D1A /* CalendarExtensions.swift */; };
		8F78B0B92558489E4437F546 /* SettingsView.swift in Sources */ = {isa = PBXBuildFile; fileRef = B2971A25301560B81024EEE3 /* SettingsView.swift */; };
		8F8DCED6AD1E6BBBAFCA4447 /* ExercisePresets.json in Resources */ = {isa = PBXBuildFile; fileRef = 41D38DF06BDCDBCE9C251E3D /* ExercisePresets.json */; };
		913FF267B9E27918D80E38A8 /* APIUsageRecord.swift in Sources */ = {isa = PBXBuildFile; fileRef = E9BD8F22F87768FB6081B46F /* APIUsageRecord.swift */; };
		9893391B3A4F37BCBFBD737D /* TodayContentView.swift in Sources */ = {isa = PBXBuildFile; fileRef = 2D1D62293D825EBC24B06F0B /* TodayContentView.swift */; };
		996B93F926DD7A4C10D9CA86 /* NotificationSettingsSection.swift in Sources */ = {isa = PBXBuildFile; fileRef = AD3B6A7919CD282F3E7E23D1 /* NotificationSettingsSection.swift */; };
		9FCC8FB7D89EA5B18206FD93 /* ExerciseManagementSection.swift in Sources */ = {isa = PBXBuildFile; fileRef = EB6BE0CC757F655128A8F4DC /* ExerciseManagementSection.swift */; };
		A5CE4CFB7332DC3A886AD642 /* NotificationService.swift in Sources */ = {isa = PBXBuildFile; fileRef = EE495FE62D3AF8789468257C /* NotificationService.swift */; };
		AE4A7D1830E634D56900F9D7 /* KeychainService.swift in Sources */ = {isa = PBXBuildFile; fileRef = 25BCC8D85B066F0248D6D6BF /* KeychainService.swift */; };
		B284926AA169E03F47F47CA0 /* LLMSettingsStore.swift in Sources */ = {isa = PBXBuildFile; fileRef = 341C5706E033CB8EF5AC5CDB /* LLMSettingsStore.swift */; };
		B31D49641DC97EF97EFE036A /* LLMSetting.swift in Sources */ = {isa = PBXBuildFile; fileRef = D0D5C06DA30A95D967A4F6F6 /* LLMSetting.swift */; };
		B33F478B48860B8D4929F8F0 /* ChatViewModel.swift in Sources */ = {isa = PBXBuildFile; fileRef = 969EE67BEF13E3A27354F67C /* ChatViewModel.swift */; };
		BC4D2FB541311721613F11A6 /* AIChatView.swift in Sources */ = {isa = PBXBuildFile; fileRef = 6451B0CCE57B07A233CB3129 /* AIChatView.swift */; };
		D661C11BCE186BC04DBA15B4 /* WorkoutSession.swift in Sources */ = {isa = PBXBuildFile; fileRef = DBB58E2EAB4AE8447D07856B /* WorkoutSession.swift */; };
		DB4ED62FD532E4D24F72A901 /* ModelListService.swift in Sources */ = {isa = PBXBuildFile; fileRef = 5A008493943BB5DBD28C16AC /* ModelListService.swift */; };
		DD57E97F94EE6AE21526C6F3 /* SystemPromptBuilderTests.swift in Sources */ = {isa = PBXBuildFile; fileRef = 6E2C9CA74A4C367F56B81180 /* SystemPromptBuilderTests.swift */; };
		DD5EC52BBFB777BDBBCF6BB1 /* UserProfile.swift in Sources */ = {isa = PBXBuildFile; fileRef = E17AE53BB96EDBB462936E2F /* UserProfile.swift */; };
		E00BDC51C487CFCB319944DF /* CSVImportSheet.swift in Sources */ = {isa = PBXBuildFile; fileRef = 3C6451A38BF9E836AD8A25D8 /* CSVImportSheet.swift */; };
		E197F4E4875AECAC4F94CFFE /* ChatHistoryStore.swift in Sources */ = {isa = PBXBuildFile; fileRef = 92237670EAA4FB72C35C1D68 /* ChatHistoryStore.swift */; };
		E1AC319B883FEC7E4383DFDD /* MealRecord.swift in Sources */ = {isa = PBXBuildFile; fileRef = 478DD797EBEC237296B4035A /* MealRecord.swift */; };
		E5CA9A009E6FE31B055E0ABF /* WorkoutPrefillService.swift in Sources */ = {isa = PBXBuildFile; fileRef = C4F7469FDBF46270EE08B625 /* WorkoutPrefillService.swift */; };
		E69B189C6991A06B52295A25 /* ChatMessageNormalizationTests.swift in Sources */ = {isa = PBXBuildFile; fileRef = 5AA6511BD5CD068EA48FA86B /* ChatMessageNormalizationTests.swift */; };
		E982381B3B09E2D259DEF1FF /* ClaudePayloads.swift in Sources */ = {isa = PBXBuildFile; fileRef = EA86C748A75D41765DDFB08A /* ClaudePayloads.swift */; };
		EA4B83BBD406ECB1204F1549 /* BodyOpsApp.swift in Sources */ = {isa = PBXBuildFile; fileRef = 07759C9F6ACCE257531C659F /* BodyOpsApp.swift */; };
		FB71C647D30D9FA28F315CCF /* GraphView.swift in Sources */ = {isa = PBXBuildFile; fileRef = D80AE13CA86E0212DD1FB759 /* GraphView.swift */; };
		FC972F27350EAECED2765785 /* WorkoutPrefillServiceTests.swift in Sources */ = {isa = PBXBuildFile; fileRef = 29F98697CF861353AA08869C /* WorkoutPrefillServiceTests.swift */; };
		FDD67E3530393BD37CF61B6B /* AISettingsSections.swift in Sources */ = {isa = PBXBuildFile; fileRef = B75D19B800CA7B1FFCE0B0F6 /* AISettingsSections.swift */; };
		FFFFB57C485F0971793DB58A /* HistoryContentView.swift in Sources */ = {isa = PBXBuildFile; fileRef = 7A860926DF0BEB83F7B474C0 /* HistoryContentView.swift */; };
/* End PBXBuildFile section */

/* Begin PBXContainerItemProxy section */
		126C5F8131FFF9B99E5D4E9F /* PBXContainerItemProxy */ = {
			isa = PBXContainerItemProxy;
			containerPortal = 347A03A93A608345C7A4E536 /* Project object */;
			proxyType = 1;
			remoteGlobalIDString = 1979765E23FE6B96F54DFF93;
			remoteInfo = BodyOps;
		};
		B4D0929C377897336D82C5BD /* PBXContainerItemProxy */ = {
			isa = PBXContainerItemProxy;
			containerPortal = 347A03A93A608345C7A4E536 /* Project object */;
			proxyType = 1;
			remoteGlobalIDString = 1979765E23FE6B96F54DFF93;
			remoteInfo = BodyOps;
		};
/* End PBXContainerItemProxy section */

/* Begin PBXFileReference section */
		0441871ABDC563C063788A35 /* KeychainServiceTests.swift */ = {isa = PBXFileReference; lastKnownFileType = sourcecode.swift; path = KeychainServiceTests.swift; sourceTree = "<group>"; };
		1752A1BB5B45F47EEF25D9AD /* ICloudExportSection.swift */ = {isa = PBXFileReference; lastKnownFileType = sourcecode.swift; path = ICloudExportSection.swift; sourceTree = "<group>"; };
		1E6EC6902FE40365C766F7D6 /* CSVExportModels.swift */ = {isa = PBXFileReference; lastKnownFileType = sourcecode.swift; path = CSVExportModels.swift; sourceTree = "<group>"; };
		8872EDA4A117F9738FB67AF3 /* CSVExportGenerator.swift */ = {isa = PBXFileReference; lastKnownFileType = sourcecode.swift; path = CSVExportGenerator.swift; sourceTree = "<group>"; };
		AFDF4DE4D9B9CDE1B013167E /* CSVExportTests.swift */ = {isa = PBXFileReference; lastKnownFileType = sourcecode.swift; path = CSVExportTests.swift; sourceTree = "<group>"; };
		CD7AC441C8965F72E2B587E6 /* ICloudExportService.swift */ = {isa = PBXFileReference; lastKnownFileType = sourcecode.swift; path = ICloudExportService.swift; sourceTree = "<group>"; };
		05114FB97BFE953DB1E69375 /* ImageCompressor.swift */ = {isa = PBXFileReference; lastKnownFileType = sourcecode.swift; path = ImageCompressor.swift; sourceTree = "<group>"; };
		07759C9F6ACCE257531C659F /* BodyOpsApp.swift */ = {isa = PBXFileReference; lastKnownFileType = sourcecode.swift; path = BodyOpsApp.swift; sourceTree = "<group>"; };
		122D8B90907DED0A4F6BF160 /* ContentView.swift */ = {isa = PBXFileReference; lastKnownFileType = sourcecode.swift; path = ContentView.swift; sourceTree = "<group>"; };
		1629F4A039635E3B58BFF04C /* Info.plist */ = {isa = PBXFileReference; lastKnownFileType = text.plist; path = Info.plist; sourceTree = "<group>"; };
		17B0A28A2DEDD9A1BEDAF04E /* MonthCalendarView.swift */ = {isa = PBXFileReference; lastKnownFileType = sourcecode.swift; path = MonthCalendarView.swift; sourceTree = "<group>"; };
		1C8FE3399E0EFEC79ECEDAB4 /* ExercisePickerView.swift */ = {isa = PBXFileReference; lastKnownFileType = sourcecode.swift; path = ExercisePickerView.swift; sourceTree = "<group>"; };
		2456B1B7A0C4ACE41BB3684E /* ScreenshotSeeder.swift */ = {isa = PBXFileReference; lastKnownFileType = sourcecode.swift; path = ScreenshotSeeder.swift; sourceTree = "<group>"; };
		25BCC8D85B066F0248D6D6BF /* KeychainService.swift */ = {isa = PBXFileReference; lastKnownFileType = sourcecode.swift; path = KeychainService.swift; sourceTree = "<group>"; };
		29F98697CF861353AA08869C /* WorkoutPrefillServiceTests.swift */ = {isa = PBXFileReference; lastKnownFileType = sourcecode.swift; path = WorkoutPrefillServiceTests.swift; sourceTree = "<group>"; };
		2A862B1C88211C117161AC7D /* PrivacyInfo.xcprivacy */ = {isa = PBXFileReference; path = PrivacyInfo.xcprivacy; sourceTree = "<group>"; };
		2AB60D85E503124A0A7C3CF4 /* WorkoutCSVImporter.swift */ = {isa = PBXFileReference; lastKnownFileType = sourcecode.swift; path = WorkoutCSVImporter.swift; sourceTree = "<group>"; };
		2D1D62293D825EBC24B06F0B /* TodayContentView.swift */ = {isa = PBXFileReference; lastKnownFileType = sourcecode.swift; path = TodayContentView.swift; sourceTree = "<group>"; };
		2D2710360FFD5CB09CF514DE /* GeminiPayloads.swift */ = {isa = PBXFileReference; lastKnownFileType = sourcecode.swift; path = GeminiPayloads.swift; sourceTree = "<group>"; };
		2EDD4CE959817F3DEFEE0961 /* MealInputMethodView.swift */ = {isa = PBXFileReference; lastKnownFileType = sourcecode.swift; path = MealInputMethodView.swift; sourceTree = "<group>"; };
		2F31D880250E0ADFD8D6D675 /* BodyOps.app */ = {isa = PBXFileReference; includeInIndex = 0; lastKnownFileType = wrapper.application; path = BodyOps.app; sourceTree = BUILT_PRODUCTS_DIR; };
		3049BD72A8B6C10C5971B403 /* SetInputRow.swift */ = {isa = PBXFileReference; lastKnownFileType = sourcecode.swift; path = SetInputRow.swift; sourceTree = "<group>"; };
		3069A86FDD6499591A73D469 /* ExercisePresetServiceTests.swift */ = {isa = PBXFileReference; lastKnownFileType = sourcecode.swift; path = ExercisePresetServiceTests.swift; sourceTree = "<group>"; };
		341C5706E033CB8EF5AC5CDB /* LLMSettingsStore.swift */ = {isa = PBXFileReference; lastKnownFileType = sourcecode.swift; path = LLMSettingsStore.swift; sourceTree = "<group>"; };
		3434D42C024B5D50E8310B5B /* MealRecordViewModel.swift */ = {isa = PBXFileReference; lastKnownFileType = sourcecode.swift; path = MealRecordViewModel.swift; sourceTree = "<group>"; };
		3C6451A38BF9E836AD8A25D8 /* CSVImportSheet.swift */ = {isa = PBXFileReference; lastKnownFileType = sourcecode.swift; path = CSVImportSheet.swift; sourceTree = "<group>"; };
		41D38DF06BDCDBCE9C251E3D /* ExercisePresets.json */ = {isa = PBXFileReference; lastKnownFileType = text.json; path = ExercisePresets.json; sourceTree = "<group>"; };
		4465A53A8965E2C3FAA48B77 /* BodyOpsUITests.xctest */ = {isa = PBXFileReference; includeInIndex = 0; lastKnownFileType = wrapper.cfbundle; path = BodyOpsUITests.xctest; sourceTree = BUILT_PRODUCTS_DIR; };
		465A3FD33F9A3369CECACB2A /* WorkoutSet.swift */ = {isa = PBXFileReference; lastKnownFileType = sourcecode.swift; path = WorkoutSet.swift; sourceTree = "<group>"; };
		478DD797EBEC237296B4035A /* MealRecord.swift */ = {isa = PBXFileReference; lastKnownFileType = sourcecode.swift; path = MealRecord.swift; sourceTree = "<group>"; };
		4AF56C072AF9DB26469C43DD /* Exercise.swift */ = {isa = PBXFileReference; lastKnownFileType = sourcecode.swift; path = Exercise.swift; sourceTree = "<group>"; };
		502FA1EE447D4F9A8BFDF116 /* ChatHistoryStoreTests.swift */ = {isa = PBXFileReference; lastKnownFileType = sourcecode.swift; path = ChatHistoryStoreTests.swift; sourceTree = "<group>"; };
		55F08DE59EB1327C60BB3E65 /* OnDeviceAvailability.swift */ = {isa = PBXFileReference; lastKnownFileType = sourcecode.swift; path = OnDeviceAvailability.swift; sourceTree = "<group>"; };
		5A008493943BB5DBD28C16AC /* ModelListService.swift */ = {isa = PBXFileReference; lastKnownFileType = sourcecode.swift; path = ModelListService.swift; sourceTree = "<group>"; };
		5AA6511BD5CD068EA48FA86B /* ChatMessageNormalizationTests.swift */ = {isa = PBXFileReference; lastKnownFileType = sourcecode.swift; path = ChatMessageNormalizationTests.swift; sourceTree = "<group>"; };
		6451B0CCE57B07A233CB3129 /* AIChatView.swift */ = {isa = PBXFileReference; lastKnownFileType = sourcecode.swift; path = AIChatView.swift; sourceTree = "<group>"; };
		64DD309CAEDC2561F36D21B1 /* OpenAIPayloads.swift */ = {isa = PBXFileReference; lastKnownFileType = sourcecode.swift; path = OpenAIPayloads.swift; sourceTree = "<group>"; };
		65BA2F29C763C6C0F664DF26 /* CameraPickerView.swift */ = {isa = PBXFileReference; lastKnownFileType = sourcecode.swift; path = CameraPickerView.swift; sourceTree = "<group>"; };
		6E2C9CA74A4C367F56B81180 /* SystemPromptBuilderTests.swift */ = {isa = PBXFileReference; lastKnownFileType = sourcecode.swift; path = SystemPromptBuilderTests.swift; sourceTree = "<group>"; };
		773CE6629CF7CBB5B29CFF51 /* LLMAPIServiceTests.swift */ = {isa = PBXFileReference; lastKnownFileType = sourcecode.swift; path = LLMAPIServiceTests.swift; sourceTree = "<group>"; };
		778DE0C2EF7E3FEC4B29B179 /* MealConfirmView.swift */ = {isa = PBXFileReference; lastKnownFileType = sourcecode.swift; path = MealConfirmView.swift; sourceTree = "<group>"; };
		79EE4FE2BB5387576D87561D /* RecordTabView.swift */ = {isa = PBXFileReference; lastKnownFileType = sourcecode.swift; path = RecordTabView.swift; sourceTree = "<group>"; };
		7A860926DF0BEB83F7B474C0 /* HistoryContentView.swift */ = {isa = PBXFileReference; lastKnownFileType = sourcecode.swift; path = HistoryContentView.swift; sourceTree = "<group>"; };
		92237670EAA4FB72C35C1D68 /* ChatHistoryStore.swift */ = {isa = PBXFileReference; lastKnownFileType = sourcecode.swift; path = ChatHistoryStore.swift; sourceTree = "<group>"; };
		969EE67BEF13E3A27354F67C /* ChatViewModel.swift */ = {isa = PBXFileReference; lastKnownFileType = sourcecode.swift; path = ChatViewModel.swift; sourceTree = "<group>"; };
		9A98EDB1F197EB273DC68DB3 /* BodyOpsTests.swift */ = {isa = PBXFileReference; lastKnownFileType = sourcecode.swift; path = BodyOpsTests.swift; sourceTree = "<group>"; };
		9C1DA6BC4F8F81FECF1F87EC /* AIPrivacyViews.swift */ = {isa = PBXFileReference; lastKnownFileType = sourcecode.swift; path = AIPrivacyViews.swift; sourceTree = "<group>"; };
		9E80047211137045E464CF5E /* BodyOps.entitlements */ = {isa = PBXFileReference; lastKnownFileType = text.plist.entitlements; path = BodyOps.entitlements; sourceTree = "<group>"; };
		A981C8BADB1F5D7CBFD2E071 /* BodyOpsTests.xctest */ = {isa = PBXFileReference; includeInIndex = 0; lastKnownFileType = wrapper.cfbundle; path = BodyOpsTests.xctest; sourceTree = BUILT_PRODUCTS_DIR; };
		A9B96CF495502A6465E3686F /* OnDeviceLLMService.swift */ = {isa = PBXFileReference; lastKnownFileType = sourcecode.swift; path = OnDeviceLLMService.swift; sourceTree = "<group>"; };
		ACBBDBFC0C4DAFC3FCA80590 /* TodayViewModel.swift */ = {isa = PBXFileReference; lastKnownFileType = sourcecode.swift; path = TodayViewModel.swift; sourceTree = "<group>"; };
		AD3B6A7919CD282F3E7E23D1 /* NotificationSettingsSection.swift */ = {isa = PBXFileReference; lastKnownFileType = sourcecode.swift; path = NotificationSettingsSection.swift; sourceTree = "<group>"; };
		B2971A25301560B81024EEE3 /* SettingsView.swift */ = {isa = PBXFileReference; lastKnownFileType = sourcecode.swift; path = SettingsView.swift; sourceTree = "<group>"; };
		B2FB3B9310514DD937AC1A21 /* AIClient.swift */ = {isa = PBXFileReference; lastKnownFileType = sourcecode.swift; path = AIClient.swift; sourceTree = "<group>"; };
		B706303810A7484460133DE2 /* WorkoutRecordSheet.swift */ = {isa = PBXFileReference; lastKnownFileType = sourcecode.swift; path = WorkoutRecordSheet.swift; sourceTree = "<group>"; };
		B75D19B800CA7B1FFCE0B0F6 /* AISettingsSections.swift */ = {isa = PBXFileReference; lastKnownFileType = sourcecode.swift; path = AISettingsSections.swift; sourceTree = "<group>"; };
		C2C1E2A9C4E5E8DB7FDBDE1D /* AppStoreScreenshotTests.swift */ = {isa = PBXFileReference; lastKnownFileType = sourcecode.swift; path = AppStoreScreenshotTests.swift; sourceTree = "<group>"; };
		C30A0B031BF2AE537623017C /* LLMAPIService.swift */ = {isa = PBXFileReference; lastKnownFileType = sourcecode.swift; path = LLMAPIService.swift; sourceTree = "<group>"; };
		C4F7469FDBF46270EE08B625 /* WorkoutPrefillService.swift */ = {isa = PBXFileReference; lastKnownFileType = sourcecode.swift; path = WorkoutPrefillService.swift; sourceTree = "<group>"; };
		D0D5C06DA30A95D967A4F6F6 /* LLMSetting.swift */ = {isa = PBXFileReference; lastKnownFileType = sourcecode.swift; path = LLMSetting.swift; sourceTree = "<group>"; };
		D62291787D54BEFB76D77731 /* KeyboardDismiss.swift */ = {isa = PBXFileReference; lastKnownFileType = sourcecode.swift; path = KeyboardDismiss.swift; sourceTree = "<group>"; };
		D80AE13CA86E0212DD1FB759 /* GraphView.swift */ = {isa = PBXFileReference; lastKnownFileType = sourcecode.swift; path = GraphView.swift; sourceTree = "<group>"; };
		DBB58E2EAB4AE8447D07856B /* WorkoutSession.swift */ = {isa = PBXFileReference; lastKnownFileType = sourcecode.swift; path = WorkoutSession.swift; sourceTree = "<group>"; };
		DC11384FB32B634570602025 /* SystemPromptBuilder.swift */ = {isa = PBXFileReference; lastKnownFileType = sourcecode.swift; path = SystemPromptBuilder.swift; sourceTree = "<group>"; };
		DD935686F580D50455530119 /* NotificationServiceTests.swift */ = {isa = PBXFileReference; lastKnownFileType = sourcecode.swift; path = NotificationServiceTests.swift; sourceTree = "<group>"; };
		DF9D900FB568663D1ABEA99C /* ExerciseEntrySection.swift */ = {isa = PBXFileReference; lastKnownFileType = sourcecode.swift; path = ExerciseEntrySection.swift; sourceTree = "<group>"; };
		E17AE53BB96EDBB462936E2F /* UserProfile.swift */ = {isa = PBXFileReference; lastKnownFileType = sourcecode.swift; path = UserProfile.swift; sourceTree = "<group>"; };
		E2F531606F4408AE0B32B118 /* Assets.xcassets */ = {isa = PBXFileReference; lastKnownFileType = folder.assetcatalog; path = Assets.xcassets; sourceTree = "<group>"; };
		E744935E05F0E2B82D76468B /* WorkoutEntryStartView.swift */ = {isa = PBXFileReference; lastKnownFileType = sourcecode.swift; path = WorkoutEntryStartView.swift; sourceTree = "<group>"; };
		E9BD8F22F87768FB6081B46F /* APIUsageRecord.swift */ = {isa = PBXFileReference; lastKnownFileType = sourcecode.swift; path = APIUsageRecord.swift; sourceTree = "<group>"; };
		EA86C748A75D41765DDFB08A /* ClaudePayloads.swift */ = {isa = PBXFileReference; lastKnownFileType = sourcecode.swift; path = ClaudePayloads.swift; sourceTree = "<group>"; };
		EAB9C8CFCFC5FA086ED59D1A /* CalendarExtensions.swift */ = {isa = PBXFileReference; lastKnownFileType = sourcecode.swift; path = CalendarExtensions.swift; sourceTree = "<group>"; };
		EB6BE0CC757F655128A8F4DC /* ExerciseManagementSection.swift */ = {isa = PBXFileReference; lastKnownFileType = sourcecode.swift; path = ExerciseManagementSection.swift; sourceTree = "<group>"; };
		ECB9DED9FA2F5DDA0EA12822 /* NotificationSetting.swift */ = {isa = PBXFileReference; lastKnownFileType = sourcecode.swift; path = NotificationSetting.swift; sourceTree = "<group>"; };
		EE495FE62D3AF8789468257C /* NotificationService.swift */ = {isa = PBXFileReference; lastKnownFileType = sourcecode.swift; path = NotificationService.swift; sourceTree = "<group>"; };
		F17175B8BE749EB90DD6367B /* ChatMessage.swift */ = {isa = PBXFileReference; lastKnownFileType = sourcecode.swift; path = ChatMessage.swift; sourceTree = "<group>"; };
		F634A91922DB94A55D3383DF /* ChatSessionListView.swift */ = {isa = PBXFileReference; lastKnownFileType = sourcecode.swift; path = ChatSessionListView.swift; sourceTree = "<group>"; };
		F90F7B1B6BBC5B351734C600 /* ExercisePresetService.swift */ = {isa = PBXFileReference; lastKnownFileType = sourcecode.swift; path = ExercisePresetService.swift; sourceTree = "<group>"; };
		FC49742C68987B746BB11F0C /* MealRecordSheet.swift */ = {isa = PBXFileReference; lastKnownFileType = sourcecode.swift; path = MealRecordSheet.swift; sourceTree = "<group>"; };
/* End PBXFileReference section */

/* Begin PBXGroup section */
		17666F00DCF370684874D3E2 /* Views */ = {
			isa = PBXGroup;
			children = (
				99891DC524F76D555F19EB9E /* Chat */,
				461CB04838DAA89F6C7A568B /* Components */,
				7C9E6C7A04CAC88EECF3F0FD /* History */,
				9004F8168F8C3D796FEA77E3 /* Meal */,
				8FEEAD0322208F50B523A847 /* Profile */,
				507AAD7AD29B95774A8847F2 /* Root */,
				D01FD3D85AC61B2153A7C3AC /* Workout */,
			);
			path = Views;
			sourceTree = "<group>";
		};
		27B79BFAF130FEACE4D81D36 /* Utilities */ = {
			isa = PBXGroup;
			children = (
				EAB9C8CFCFC5FA086ED59D1A /* CalendarExtensions.swift */,
				05114FB97BFE953DB1E69375 /* ImageCompressor.swift */,
				D62291787D54BEFB76D77731 /* KeyboardDismiss.swift */,
				2456B1B7A0C4ACE41BB3684E /* ScreenshotSeeder.swift */,
			);
			path = Utilities;
			sourceTree = "<group>";
		};
		31FF3F6DDCE696D1A3C3A67B /* Services */ = {
			isa = PBXGroup;
			children = (
				B2FB3B9310514DD937AC1A21 /* AIClient.swift */,
				92237670EAA4FB72C35C1D68 /* ChatHistoryStore.swift */,
				8872EDA4A117F9738FB67AF3 /* CSVExportGenerator.swift */,
				1E6EC6902FE40365C766F7D6 /* CSVExportModels.swift */,
				F90F7B1B6BBC5B351734C600 /* ExercisePresetService.swift */,
				CD7AC441C8965F72E2B587E6 /* ICloudExportService.swift */,
				25BCC8D85B066F0248D6D6BF /* KeychainService.swift */,
				C30A0B031BF2AE537623017C /* LLMAPIService.swift */,
				341C5706E033CB8EF5AC5CDB /* LLMSettingsStore.swift */,
				5A008493943BB5DBD28C16AC /* ModelListService.swift */,
				EE495FE62D3AF8789468257C /* NotificationService.swift */,
				55F08DE59EB1327C60BB3E65 /* OnDeviceAvailability.swift */,
				A9B96CF495502A6465E3686F /* OnDeviceLLMService.swift */,
				DC11384FB32B634570602025 /* SystemPromptBuilder.swift */,
				2AB60D85E503124A0A7C3CF4 /* WorkoutCSVImporter.swift */,
				C4F7469FDBF46270EE08B625 /* WorkoutPrefillService.swift */,
				87269B357C2F68FAD1685BBE /* LLM */,
			);
			path = Services;
			sourceTree = "<group>";
		};
		428578A21EF836AD60C0BEBC = {
			isa = PBXGroup;
			children = (
				FA956562E3C654410F0148EA /* BodyOps */,
				B4709DD735C05E4DB7EC635B /* BodyOpsTests */,
				7A924150533501677CA304A0 /* BodyOpsUITests */,
				87E0155F6C3438B926B52F23 /* Products */,
			);
			sourceTree = "<group>";
		};
		461CB04838DAA89F6C7A568B /* Components */ = {
			isa = PBXGroup;
			children = (
				9C1DA6BC4F8F81FECF1F87EC /* AIPrivacyViews.swift */,
				65BA2F29C763C6C0F664DF26 /* CameraPickerView.swift */,
				17B0A28A2DEDD9A1BEDAF04E /* MonthCalendarView.swift */,
			);
			path = Components;
			sourceTree = "<group>";
		};
		507AAD7AD29B95774A8847F2 /* Root */ = {
			isa = PBXGroup;
			children = (
				122D8B90907DED0A4F6BF160 /* ContentView.swift */,
				79EE4FE2BB5387576D87561D /* RecordTabView.swift */,
				2D1D62293D825EBC24B06F0B /* TodayContentView.swift */,
			);
			path = Root;
			sourceTree = "<group>";
		};
		581761A9D2B9A3CB57231078 /* ViewModels */ = {
			isa = PBXGroup;
			children = (
				969EE67BEF13E3A27354F67C /* ChatViewModel.swift */,
				3434D42C024B5D50E8310B5B /* MealRecordViewModel.swift */,
				ACBBDBFC0C4DAFC3FCA80590 /* TodayViewModel.swift */,
			);
			path = ViewModels;
			sourceTree = "<group>";
		};
		7A924150533501677CA304A0 /* BodyOpsUITests */ = {
			isa = PBXGroup;
			children = (
				C2C1E2A9C4E5E8DB7FDBDE1D /* AppStoreScreenshotTests.swift */,
			);
			path = BodyOpsUITests;
			sourceTree = "<group>";
		};
		7C9E6C7A04CAC88EECF3F0FD /* History */ = {
			isa = PBXGroup;
			children = (
				3C6451A38BF9E836AD8A25D8 /* CSVImportSheet.swift */,
				D80AE13CA86E0212DD1FB759 /* GraphView.swift */,
				7A860926DF0BEB83F7B474C0 /* HistoryContentView.swift */,
			);
			path = History;
			sourceTree = "<group>";
		};
		87269B357C2F68FAD1685BBE /* LLM */ = {
			isa = PBXGroup;
			children = (
				EA86C748A75D41765DDFB08A /* ClaudePayloads.swift */,
				2D2710360FFD5CB09CF514DE /* GeminiPayloads.swift */,
				64DD309CAEDC2561F36D21B1 /* OpenAIPayloads.swift */,
			);
			path = LLM;
			sourceTree = "<group>";
		};
		87E0155F6C3438B926B52F23 /* Products */ = {
			isa = PBXGroup;
			children = (
				2F31D880250E0ADFD8D6D675 /* BodyOps.app */,
				A981C8BADB1F5D7CBFD2E071 /* BodyOpsTests.xctest */,
				4465A53A8965E2C3FAA48B77 /* BodyOpsUITests.xctest */,
			);
			name = Products;
			sourceTree = "<group>";
		};
		8FEEAD0322208F50B523A847 /* Profile */ = {
			isa = PBXGroup;
			children = (
				B75D19B800CA7B1FFCE0B0F6 /* AISettingsSections.swift */,
				EB6BE0CC757F655128A8F4DC /* ExerciseManagementSection.swift */,
				1752A1BB5B45F47EEF25D9AD /* ICloudExportSection.swift */,
				AD3B6A7919CD282F3E7E23D1 /* NotificationSettingsSection.swift */,
				B2971A25301560B81024EEE3 /* SettingsView.swift */,
			);
			path = Profile;
			sourceTree = "<group>";
		};
		9004F8168F8C3D796FEA77E3 /* Meal */ = {
			isa = PBXGroup;
			children = (
				778DE0C2EF7E3FEC4B29B179 /* MealConfirmView.swift */,
				2EDD4CE959817F3DEFEE0961 /* MealInputMethodView.swift */,
				FC49742C68987B746BB11F0C /* MealRecordSheet.swift */,
			);
			path = Meal;
			sourceTree = "<group>";
		};
		99891DC524F76D555F19EB9E /* Chat */ = {
			isa = PBXGroup;
			children = (
				6451B0CCE57B07A233CB3129 /* AIChatView.swift */,
				F634A91922DB94A55D3383DF /* ChatSessionListView.swift */,
			);
			path = Chat;
			sourceTree = "<group>";
		};
		B4709DD735C05E4DB7EC635B /* BodyOpsTests */ = {
			isa = PBXGroup;
			children = (
				9A98EDB1F197EB273DC68DB3 /* BodyOpsTests.swift */,
				AFDF4DE4D9B9CDE1B013167E /* CSVExportTests.swift */,
				502FA1EE447D4F9A8BFDF116 /* ChatHistoryStoreTests.swift */,
				5AA6511BD5CD068EA48FA86B /* ChatMessageNormalizationTests.swift */,
				3069A86FDD6499591A73D469 /* ExercisePresetServiceTests.swift */,
				0441871ABDC563C063788A35 /* KeychainServiceTests.swift */,
				773CE6629CF7CBB5B29CFF51 /* LLMAPIServiceTests.swift */,
				DD935686F580D50455530119 /* NotificationServiceTests.swift */,
				6E2C9CA74A4C367F56B81180 /* SystemPromptBuilderTests.swift */,
				29F98697CF861353AA08869C /* WorkoutPrefillServiceTests.swift */,
			);
			path = BodyOpsTests;
			sourceTree = "<group>";
		};
		C60906142F4763C85072C6F4 /* Resources */ = {
			isa = PBXGroup;
			children = (
				9E80047211137045E464CF5E /* BodyOps.entitlements */,
				41D38DF06BDCDBCE9C251E3D /* ExercisePresets.json */,
				1629F4A039635E3B58BFF04C /* Info.plist */,
			);
			path = Resources;
			sourceTree = "<group>";
		};
		CD462B6B0280A0041C890B24 /* Models */ = {
			isa = PBXGroup;
			children = (
				E9BD8F22F87768FB6081B46F /* APIUsageRecord.swift */,
				F17175B8BE749EB90DD6367B /* ChatMessage.swift */,
				4AF56C072AF9DB26469C43DD /* Exercise.swift */,
				D0D5C06DA30A95D967A4F6F6 /* LLMSetting.swift */,
				478DD797EBEC237296B4035A /* MealRecord.swift */,
				ECB9DED9FA2F5DDA0EA12822 /* NotificationSetting.swift */,
				E17AE53BB96EDBB462936E2F /* UserProfile.swift */,
				DBB58E2EAB4AE8447D07856B /* WorkoutSession.swift */,
				465A3FD33F9A3369CECACB2A /* WorkoutSet.swift */,
			);
			path = Models;
			sourceTree = "<group>";
		};
		D01FD3D85AC61B2153A7C3AC /* Workout */ = {
			isa = PBXGroup;
			children = (
				DF9D900FB568663D1ABEA99C /* ExerciseEntrySection.swift */,
				1C8FE3399E0EFEC79ECEDAB4 /* ExercisePickerView.swift */,
				3049BD72A8B6C10C5971B403 /* SetInputRow.swift */,
				E744935E05F0E2B82D76468B /* WorkoutEntryStartView.swift */,
				B706303810A7484460133DE2 /* WorkoutRecordSheet.swift */,
			);
			path = Workout;
			sourceTree = "<group>";
		};
		FA956562E3C654410F0148EA /* BodyOps */ = {
			isa = PBXGroup;
			children = (
				E2F531606F4408AE0B32B118 /* Assets.xcassets */,
				07759C9F6ACCE257531C659F /* BodyOpsApp.swift */,
				2A862B1C88211C117161AC7D /* PrivacyInfo.xcprivacy */,
				CD462B6B0280A0041C890B24 /* Models */,
				C60906142F4763C85072C6F4 /* Resources */,
				31FF3F6DDCE696D1A3C3A67B /* Services */,
				27B79BFAF130FEACE4D81D36 /* Utilities */,
				581761A9D2B9A3CB57231078 /* ViewModels */,
				17666F00DCF370684874D3E2 /* Views */,
			);
			path = BodyOps;
			sourceTree = "<group>";
		};
/* End PBXGroup section */

/* Begin PBXNativeTarget section */
		18BF191194577AA5484F7EA1 /* BodyOpsUITests */ = {
			isa = PBXNativeTarget;
			buildConfigurationList = 802F237F27C3055C245E22B7 /* Build configuration list for PBXNativeTarget "BodyOpsUITests" */;
			buildPhases = (
				DE766B0F810479B0F9789172 /* Sources */,
			);
			buildRules = (
			);
			dependencies = (
				32F92362836298B8476719BA /* PBXTargetDependency */,
			);
			name = BodyOpsUITests;
			packageProductDependencies = (
			);
			productName = BodyOpsUITests;
			productReference = 4465A53A8965E2C3FAA48B77 /* BodyOpsUITests.xctest */;
			productType = "com.apple.product-type.bundle.ui-testing";
		};
		1979765E23FE6B96F54DFF93 /* BodyOps */ = {
			isa = PBXNativeTarget;
			buildConfigurationList = EA1FCFF9BBC53C4E0D07DBF2 /* Build configuration list for PBXNativeTarget "BodyOps" */;
			buildPhases = (
				B5DDE0DBA7976B1FC5472B9D /* Sources */,
				7E314BB761EB7829C51E08A8 /* Resources */,
			);
			buildRules = (
			);
			dependencies = (
			);
			name = BodyOps;
			packageProductDependencies = (
			);
			productName = BodyOps;
			productReference = 2F31D880250E0ADFD8D6D675 /* BodyOps.app */;
			productType = "com.apple.product-type.application";
		};
		71E50E4AAF8715E6567A3BF0 /* BodyOpsTests */ = {
			isa = PBXNativeTarget;
			buildConfigurationList = CACA5D09563777C62FAD7CAC /* Build configuration list for PBXNativeTarget "BodyOpsTests" */;
			buildPhases = (
				B2133C28B178ED9FDB3735BF /* Sources */,
			);
			buildRules = (
			);
			dependencies = (
				5334D579598BF681512CEB0C /* PBXTargetDependency */,
			);
			name = BodyOpsTests;
			packageProductDependencies = (
			);
			productName = BodyOpsTests;
			productReference = A981C8BADB1F5D7CBFD2E071 /* BodyOpsTests.xctest */;
			productType = "com.apple.product-type.bundle.unit-test";
		};
/* End PBXNativeTarget section */

/* Begin PBXProject section */
		347A03A93A608345C7A4E536 /* Project object */ = {
			isa = PBXProject;
			attributes = {
				BuildIndependentTargetsInParallel = YES;
				LastUpgradeCheck = 1600;
				TargetAttributes = {
					18BF191194577AA5484F7EA1 = {
						TestTargetID = 1979765E23FE6B96F54DFF93;
					};
					1979765E23FE6B96F54DFF93 = {
						DevelopmentTeam = 9472GD6P88;
					};
				};
			};
			buildConfigurationList = 4137A3214974F9DC491FB841 /* Build configuration list for PBXProject "BodyOps" */;
			developmentRegion = en;
			hasScannedForEncodings = 0;
			knownRegions = (
				Base,
				en,
			);
			mainGroup = 428578A21EF836AD60C0BEBC;
			minimizedProjectReferenceProxies = 1;
			preferredProjectObjectVersion = 77;
			productRefGroup = 87E0155F6C3438B926B52F23 /* Products */;
			projectDirPath = "";
			projectRoot = "";
			targets = (
				1979765E23FE6B96F54DFF93 /* BodyOps */,
				71E50E4AAF8715E6567A3BF0 /* BodyOpsTests */,
				18BF191194577AA5484F7EA1 /* BodyOpsUITests */,
			);
		};
/* End PBXProject section */

/* Begin PBXResourcesBuildPhase section */
		7E314BB761EB7829C51E08A8 /* Resources */ = {
			isa = PBXResourcesBuildPhase;
			buildActionMask = 2147483647;
			files = (
				06B12AAB2EB390D1863D8251 /* Assets.xcassets in Resources */,
				8F8DCED6AD1E6BBBAFCA4447 /* ExercisePresets.json in Resources */,
				4739FF50B728C197DD1C7FB3 /* PrivacyInfo.xcprivacy in Resources */,
			);
			runOnlyForDeploymentPostprocessing = 0;
		};
/* End PBXResourcesBuildPhase section */

/* Begin PBXSourcesBuildPhase section */
		B2133C28B178ED9FDB3735BF /* Sources */ = {
			isa = PBXSourcesBuildPhase;
			buildActionMask = 2147483647;
			files = (
				5954ECE988918992693AA9A9 /* BodyOpsTests.swift in Sources */,
				0E538C8AD283797D4186A398 /* CSVExportTests.swift in Sources */,
				2D8864E2AB82A646DA3891BC /* ChatHistoryStoreTests.swift in Sources */,
				E69B189C6991A06B52295A25 /* ChatMessageNormalizationTests.swift in Sources */,
				6A44E5E995E8A4AC45B890ED /* ExercisePresetServiceTests.swift in Sources */,
				1B3800E8372352B996171DD3 /* KeychainServiceTests.swift in Sources */,
				0D489E4CAD3C42D53222D2C3 /* LLMAPIServiceTests.swift in Sources */,
				0787761CE9DD46121F7DF8A3 /* NotificationServiceTests.swift in Sources */,
				DD57E97F94EE6AE21526C6F3 /* SystemPromptBuilderTests.swift in Sources */,
				FC972F27350EAECED2765785 /* WorkoutPrefillServiceTests.swift in Sources */,
			);
			runOnlyForDeploymentPostprocessing = 0;
		};
		B5DDE0DBA7976B1FC5472B9D /* Sources */ = {
			isa = PBXSourcesBuildPhase;
			buildActionMask = 2147483647;
			files = (
				BC4D2FB541311721613F11A6 /* AIChatView.swift in Sources */,
				104846F9354C14C833BF2E1A /* AIClient.swift in Sources */,
				2BD2DFD0CAD280614DD97656 /* AIPrivacyViews.swift in Sources */,
				FDD67E3530393BD37CF61B6B /* AISettingsSections.swift in Sources */,
				913FF267B9E27918D80E38A8 /* APIUsageRecord.swift in Sources */,
				EA4B83BBD406ECB1204F1549 /* BodyOpsApp.swift in Sources */,
				E00BDC51C487CFCB319944DF /* CSVImportSheet.swift in Sources */,
				52DD394A9E74C64D87D40EE2 /* CSVExportGenerator.swift in Sources */,
				5A606EDF5B86CAF8CA5EA819 /* CSVExportModels.swift in Sources */,
				8C406FA08E6DC35EE9C5DACB /* CalendarExtensions.swift in Sources */,
				87DF2D47C36A99F236951CF4 /* CameraPickerView.swift in Sources */,
				E197F4E4875AECAC4F94CFFE /* ChatHistoryStore.swift in Sources */,
				138406F3A9821EE2B17CBC42 /* ChatMessage.swift in Sources */,
				3B55CE351B6009C51A0B73AD /* ChatSessionListView.swift in Sources */,
				B33F478B48860B8D4929F8F0 /* ChatViewModel.swift in Sources */,
				E982381B3B09E2D259DEF1FF /* ClaudePayloads.swift in Sources */,
				1787B4B5AB405462623A1A57 /* ContentView.swift in Sources */,
				3EE86521941C8DAC93E56F00 /* Exercise.swift in Sources */,
				51DF91DE96C6A4A0E597BE50 /* ExerciseEntrySection.swift in Sources */,
				9FCC8FB7D89EA5B18206FD93 /* ExerciseManagementSection.swift in Sources */,
				578338BF24C0E45141AB6EFA /* ExercisePickerView.swift in Sources */,
				07BB70330042288BB05AAE80 /* ExercisePresetService.swift in Sources */,
				7D6A8928844D3DB2EBF445E1 /* GeminiPayloads.swift in Sources */,
				FB71C647D30D9FA28F315CCF /* GraphView.swift in Sources */,
				FFFFB57C485F0971793DB58A /* HistoryContentView.swift in Sources */,
				46A17BE5C51ECEE95ED7CC12 /* ICloudExportSection.swift in Sources */,
				D37DFF5A151D0123EE70D1B8 /* ICloudExportService.swift in Sources */,
				08CEBD7A5613D06931361D08 /* ImageCompressor.swift in Sources */,
				17CEABDCBB50C9C45146A721 /* KeyboardDismiss.swift in Sources */,
				AE4A7D1830E634D56900F9D7 /* KeychainService.swift in Sources */,
				63211D5E371BE96A68E9E670 /* LLMAPIService.swift in Sources */,
				B31D49641DC97EF97EFE036A /* LLMSetting.swift in Sources */,
				B284926AA169E03F47F47CA0 /* LLMSettingsStore.swift in Sources */,
				16DE3CF1624659F3199827B9 /* MealConfirmView.swift in Sources */,
				2B079FDA07B347F3C9FFADC5 /* MealInputMethodView.swift in Sources */,
				E1AC319B883FEC7E4383DFDD /* MealRecord.swift in Sources */,
				6DD467E5A46808397EE7C15E /* MealRecordSheet.swift in Sources */,
				71B4B38AB3F58D116A9D9840 /* MealRecordViewModel.swift in Sources */,
				DB4ED62FD532E4D24F72A901 /* ModelListService.swift in Sources */,
				21C9E90D4820732B497307CA /* MonthCalendarView.swift in Sources */,
				A5CE4CFB7332DC3A886AD642 /* NotificationService.swift in Sources */,
				0A48AAD7F6825C96FDE772FD /* NotificationSetting.swift in Sources */,
				996B93F926DD7A4C10D9CA86 /* NotificationSettingsSection.swift in Sources */,
				69F90F6E8559CB79E8CF6133 /* OnDeviceAvailability.swift in Sources */,
				0FB5D9BA3F77F448741F8CB2 /* OnDeviceLLMService.swift in Sources */,
				5E7992A5395F58C00F6C5864 /* OpenAIPayloads.swift in Sources */,
				819D94C9433138B347257D4F /* RecordTabView.swift in Sources */,
				05F9A583349EAC0BC386EE83 /* ScreenshotSeeder.swift in Sources */,
				7F063A9174161847B153514D /* SetInputRow.swift in Sources */,
				8F78B0B92558489E4437F546 /* SettingsView.swift in Sources */,
				1530D3439B2DB0578C7FE89C /* SystemPromptBuilder.swift in Sources */,
				9893391B3A4F37BCBFBD737D /* TodayContentView.swift in Sources */,
				6506C89C8324B14CC080B86F /* TodayViewModel.swift in Sources */,
				DD5EC52BBFB777BDBBCF6BB1 /* UserProfile.swift in Sources */,
				337CA0F28A72B51009E6384A /* WorkoutCSVImporter.swift in Sources */,
				2014215565BA8B79E99AF6FD /* WorkoutEntryStartView.swift in Sources */,
				E5CA9A009E6FE31B055E0ABF /* WorkoutPrefillService.swift in Sources */,
				30E05F1C76E0413B19C9C94E /* WorkoutRecordSheet.swift in Sources */,
				D661C11BCE186BC04DBA15B4 /* WorkoutSession.swift in Sources */,
				6B0FDAE5C1DDF0A316FE810C /* WorkoutSet.swift in Sources */,
			);
			runOnlyForDeploymentPostprocessing = 0;
		};
		DE766B0F810479B0F9789172 /* Sources */ = {
			isa = PBXSourcesBuildPhase;
			buildActionMask = 2147483647;
			files = (
				42A97B918A483FCFBBED8EF5 /* AppStoreScreenshotTests.swift in Sources */,
			);
			runOnlyForDeploymentPostprocessing = 0;
		};
/* End PBXSourcesBuildPhase section */

/* Begin PBXTargetDependency section */
		32F92362836298B8476719BA /* PBXTargetDependency */ = {
			isa = PBXTargetDependency;
			target = 1979765E23FE6B96F54DFF93 /* BodyOps */;
			targetProxy = 126C5F8131FFF9B99E5D4E9F /* PBXContainerItemProxy */;
		};
		5334D579598BF681512CEB0C /* PBXTargetDependency */ = {
			isa = PBXTargetDependency;
			target = 1979765E23FE6B96F54DFF93 /* BodyOps */;
			targetProxy = B4D0929C377897336D82C5BD /* PBXContainerItemProxy */;
		};
/* End PBXTargetDependency section */

/* Begin XCBuildConfiguration section */
		191A9A5AEAD9FA21FB334F01 /* Debug */ = {
			isa = XCBuildConfiguration;
			buildSettings = {
				BUNDLE_LOADER = "$(TEST_HOST)";
				GENERATE_INFOPLIST_FILE = YES;
				IPHONEOS_DEPLOYMENT_TARGET = 17.0;
				LD_RUNPATH_SEARCH_PATHS = (
					"$(inherited)",
					"@executable_path/Frameworks",
					"@loader_path/Frameworks",
				);
				PRODUCT_BUNDLE_IDENTIFIER = com.bodyops.tests;
				SDKROOT = iphoneos;
				TARGETED_DEVICE_FAMILY = "1,2";
				TEST_HOST = "$(BUILT_PRODUCTS_DIR)/BodyOps.app/$(BUNDLE_EXECUTABLE_FOLDER_PATH)/BodyOps";
			};
			name = Debug;
		};
		2A76D7346D529DAEDA960672 /* Debug */ = {
			isa = XCBuildConfiguration;
			buildSettings = {
				ALWAYS_SEARCH_USER_PATHS = NO;
				CLANG_ANALYZER_NONNULL = YES;
				CLANG_ANALYZER_NUMBER_OBJECT_CONVERSION = YES_AGGRESSIVE;
				CLANG_CXX_LANGUAGE_STANDARD = "gnu++14";
				CLANG_CXX_LIBRARY = "libc++";
				CLANG_ENABLE_MODULES = YES;
				CLANG_ENABLE_OBJC_ARC = YES;
				CLANG_ENABLE_OBJC_WEAK = YES;
				CLANG_WARN_BLOCK_CAPTURE_AUTORELEASING = YES;
				CLANG_WARN_BOOL_CONVERSION = YES;
				CLANG_WARN_COMMA = YES;
				CLANG_WARN_CONSTANT_CONVERSION = YES;
				CLANG_WARN_DEPRECATED_OBJC_IMPLEMENTATIONS = YES;
				CLANG_WARN_DIRECT_OBJC_ISA_USAGE = YES_ERROR;
				CLANG_WARN_DOCUMENTATION_COMMENTS = YES;
				CLANG_WARN_EMPTY_BODY = YES;
				CLANG_WARN_ENUM_CONVERSION = YES;
				CLANG_WARN_INFINITE_RECURSION = YES;
				CLANG_WARN_INT_CONVERSION = YES;
				CLANG_WARN_NON_LITERAL_NULL_CONVERSION = YES;
				CLANG_WARN_OBJC_IMPLICIT_RETAIN_SELF = YES;
				CLANG_WARN_OBJC_LITERAL_CONVERSION = YES;
				CLANG_WARN_OBJC_ROOT_CLASS = YES_ERROR;
				CLANG_WARN_QUOTED_INCLUDE_IN_FRAMEWORK_HEADER = YES;
				CLANG_WARN_RANGE_LOOP_ANALYSIS = YES;
				CLANG_WARN_STRICT_PROTOTYPES = YES;
				CLANG_WARN_SUSPICIOUS_MOVE = YES;
				CLANG_WARN_UNGUARDED_AVAILABILITY = YES_AGGRESSIVE;
				CLANG_WARN_UNREACHABLE_CODE = YES;
				CLANG_WARN__DUPLICATE_METHOD_MATCH = YES;
				COPY_PHASE_STRIP = NO;
				CURRENT_PROJECT_VERSION = 2;
				DEBUG_INFORMATION_FORMAT = dwarf;
				ENABLE_STRICT_OBJC_MSGSEND = YES;
				ENABLE_TESTABILITY = YES;
				GCC_C_LANGUAGE_STANDARD = gnu11;
				GCC_DYNAMIC_NO_PIC = NO;
				GCC_NO_COMMON_BLOCKS = YES;
				GCC_OPTIMIZATION_LEVEL = 0;
				GCC_PREPROCESSOR_DEFINITIONS = (
					"$(inherited)",
					"DEBUG=1",
				);
				GCC_WARN_64_TO_32_BIT_CONVERSION = YES;
				GCC_WARN_ABOUT_RETURN_TYPE = YES_ERROR;
				GCC_WARN_UNDECLARED_SELECTOR = YES;
				GCC_WARN_UNINITIALIZED_AUTOS = YES_AGGRESSIVE;
				GCC_WARN_UNUSED_FUNCTION = YES;
				GCC_WARN_UNUSED_VARIABLE = YES;
				IPHONEOS_DEPLOYMENT_TARGET = 17.0;
				MARKETING_VERSION = 2.0.0;
				MTL_ENABLE_DEBUG_INFO = INCLUDE_SOURCE;
				MTL_FAST_MATH = YES;
				ONLY_ACTIVE_ARCH = YES;
				PRODUCT_NAME = "$(TARGET_NAME)";
				SDKROOT = iphoneos;
				SWIFT_ACTIVE_COMPILATION_CONDITIONS = DEBUG;
				SWIFT_OPTIMIZATION_LEVEL = "-Onone";
				SWIFT_VERSION = 6.0;
			};
			name = Debug;
		};
		3C33AC2C77FEAD61772AAA87 /* Release */ = {
			isa = XCBuildConfiguration;
			buildSettings = {
				BUNDLE_LOADER = "$(TEST_HOST)";
				GENERATE_INFOPLIST_FILE = YES;
				IPHONEOS_DEPLOYMENT_TARGET = 17.0;
				LD_RUNPATH_SEARCH_PATHS = (
					"$(inherited)",
					"@executable_path/Frameworks",
					"@loader_path/Frameworks",
				);
				PRODUCT_BUNDLE_IDENTIFIER = com.bodyops.uitests;
				SDKROOT = iphoneos;
				TARGETED_DEVICE_FAMILY = "1,2";
				TEST_TARGET_NAME = BodyOps;
			};
			name = Release;
		};
		5DD9C6E72F8DC150840B9598 /* Debug */ = {
			isa = XCBuildConfiguration;
			buildSettings = {
				ASSETCATALOG_COMPILER_APPICON_NAME = AppIcon;
				CODE_SIGN_ENTITLEMENTS = BodyOps/Resources/BodyOps.entitlements;
				CODE_SIGN_IDENTITY = "iPhone Developer";
				DEVELOPMENT_TEAM = 9472GD6P88;
				INFOPLIST_FILE = BodyOps/Resources/Info.plist;
				IPHONEOS_DEPLOYMENT_TARGET = 17.0;
				LD_RUNPATH_SEARCH_PATHS = (
					"$(inherited)",
					"@executable_path/Frameworks",
				);
				PRODUCT_BUNDLE_IDENTIFIER = com.bodyops.app;
				SDKROOT = iphoneos;
				SWIFT_EMIT_LOC_STRINGS = YES;
				TARGETED_DEVICE_FAMILY = 1;
			};
			name = Debug;
		};
		63B2E4FFD5FC8C382568E94D /* Release */ = {
			isa = XCBuildConfiguration;
			buildSettings = {
				BUNDLE_LOADER = "$(TEST_HOST)";
				GENERATE_INFOPLIST_FILE = YES;
				IPHONEOS_DEPLOYMENT_TARGET = 17.0;
				LD_RUNPATH_SEARCH_PATHS = (
					"$(inherited)",
					"@executable_path/Frameworks",
					"@loader_path/Frameworks",
				);
				PRODUCT_BUNDLE_IDENTIFIER = com.bodyops.tests;
				SDKROOT = iphoneos;
				TARGETED_DEVICE_FAMILY = "1,2";
				TEST_HOST = "$(BUILT_PRODUCTS_DIR)/BodyOps.app/$(BUNDLE_EXECUTABLE_FOLDER_PATH)/BodyOps";
			};
			name = Release;
		};
		D75B35C65F0B5157E1105855 /* Release */ = {
			isa = XCBuildConfiguration;
			buildSettings = {
				ASSETCATALOG_COMPILER_APPICON_NAME = AppIcon;
				CODE_SIGN_ENTITLEMENTS = BodyOps/Resources/BodyOps.entitlements;
				CODE_SIGN_IDENTITY = "iPhone Developer";
				DEVELOPMENT_TEAM = 9472GD6P88;
				INFOPLIST_FILE = BodyOps/Resources/Info.plist;
				IPHONEOS_DEPLOYMENT_TARGET = 17.0;
				LD_RUNPATH_SEARCH_PATHS = (
					"$(inherited)",
					"@executable_path/Frameworks",
				);
				PRODUCT_BUNDLE_IDENTIFIER = com.bodyops.app;
				SDKROOT = iphoneos;
				SWIFT_EMIT_LOC_STRINGS = YES;
				TARGETED_DEVICE_FAMILY = 1;
			};
			name = Release;
		};
		DEE41084F55AB490CF1723C5 /* Release */ = {
			isa = XCBuildConfiguration;
			buildSettings = {
				ALWAYS_SEARCH_USER_PATHS = NO;
				CLANG_ANALYZER_NONNULL = YES;
				CLANG_ANALYZER_NUMBER_OBJECT_CONVERSION = YES_AGGRESSIVE;
				CLANG_CXX_LANGUAGE_STANDARD = "gnu++14";
				CLANG_CXX_LIBRARY = "libc++";
				CLANG_ENABLE_MODULES = YES;
				CLANG_ENABLE_OBJC_ARC = YES;
				CLANG_ENABLE_OBJC_WEAK = YES;
				CLANG_WARN_BLOCK_CAPTURE_AUTORELEASING = YES;
				CLANG_WARN_BOOL_CONVERSION = YES;
				CLANG_WARN_COMMA = YES;
				CLANG_WARN_CONSTANT_CONVERSION = YES;
				CLANG_WARN_DEPRECATED_OBJC_IMPLEMENTATIONS = YES;
				CLANG_WARN_DIRECT_OBJC_ISA_USAGE = YES_ERROR;
				CLANG_WARN_DOCUMENTATION_COMMENTS = YES;
				CLANG_WARN_EMPTY_BODY = YES;
				CLANG_WARN_ENUM_CONVERSION = YES;
				CLANG_WARN_INFINITE_RECURSION = YES;
				CLANG_WARN_INT_CONVERSION = YES;
				CLANG_WARN_NON_LITERAL_NULL_CONVERSION = YES;
				CLANG_WARN_OBJC_IMPLICIT_RETAIN_SELF = YES;
				CLANG_WARN_OBJC_LITERAL_CONVERSION = YES;
				CLANG_WARN_OBJC_ROOT_CLASS = YES_ERROR;
				CLANG_WARN_QUOTED_INCLUDE_IN_FRAMEWORK_HEADER = YES;
				CLANG_WARN_RANGE_LOOP_ANALYSIS = YES;
				CLANG_WARN_STRICT_PROTOTYPES = YES;
				CLANG_WARN_SUSPICIOUS_MOVE = YES;
				CLANG_WARN_UNGUARDED_AVAILABILITY = YES_AGGRESSIVE;
				CLANG_WARN_UNREACHABLE_CODE = YES;
				CLANG_WARN__DUPLICATE_METHOD_MATCH = YES;
				COPY_PHASE_STRIP = NO;
				CURRENT_PROJECT_VERSION = 2;
				DEBUG_INFORMATION_FORMAT = "dwarf-with-dsym";
				ENABLE_NS_ASSERTIONS = NO;
				ENABLE_STRICT_OBJC_MSGSEND = YES;
				GCC_C_LANGUAGE_STANDARD = gnu11;
				GCC_NO_COMMON_BLOCKS = YES;
				GCC_WARN_64_TO_32_BIT_CONVERSION = YES;
				GCC_WARN_ABOUT_RETURN_TYPE = YES_ERROR;
				GCC_WARN_UNDECLARED_SELECTOR = YES;
				GCC_WARN_UNINITIALIZED_AUTOS = YES_AGGRESSIVE;
				GCC_WARN_UNUSED_FUNCTION = YES;
				GCC_WARN_UNUSED_VARIABLE = YES;
				IPHONEOS_DEPLOYMENT_TARGET = 17.0;
				MARKETING_VERSION = 2.0.0;
				MTL_ENABLE_DEBUG_INFO = NO;
				MTL_FAST_MATH = YES;
				PRODUCT_NAME = "$(TARGET_NAME)";
				SDKROOT = iphoneos;
				SWIFT_COMPILATION_MODE = wholemodule;
				SWIFT_OPTIMIZATION_LEVEL = "-O";
				SWIFT_VERSION = 6.0;
			};
			name = Release;
		};
		DEEB1486CB833275EB41B208 /* Debug */ = {
			isa = XCBuildConfiguration;
			buildSettings = {
				BUNDLE_LOADER = "$(TEST_HOST)";
				GENERATE_INFOPLIST_FILE = YES;
				IPHONEOS_DEPLOYMENT_TARGET = 17.0;
				LD_RUNPATH_SEARCH_PATHS = (
					"$(inherited)",
					"@executable_path/Frameworks",
					"@loader_path/Frameworks",
				);
				PRODUCT_BUNDLE_IDENTIFIER = com.bodyops.uitests;
				SDKROOT = iphoneos;
				TARGETED_DEVICE_FAMILY = "1,2";
				TEST_TARGET_NAME = BodyOps;
			};
			name = Debug;
		};
/* End XCBuildConfiguration section */

/* Begin XCConfigurationList section */
		4137A3214974F9DC491FB841 /* Build configuration list for PBXProject "BodyOps" */ = {
			isa = XCConfigurationList;
			buildConfigurations = (
				2A76D7346D529DAEDA960672 /* Debug */,
				DEE41084F55AB490CF1723C5 /* Release */,
			);
			defaultConfigurationIsVisible = 0;
			defaultConfigurationName = Debug;
		};
		802F237F27C3055C245E22B7 /* Build configuration list for PBXNativeTarget "BodyOpsUITests" */ = {
			isa = XCConfigurationList;
			buildConfigurations = (
				DEEB1486CB833275EB41B208 /* Debug */,
				3C33AC2C77FEAD61772AAA87 /* Release */,
			);
			defaultConfigurationIsVisible = 0;
			defaultConfigurationName = Debug;
		};
		CACA5D09563777C62FAD7CAC /* Build configuration list for PBXNativeTarget "BodyOpsTests" */ = {
			isa = XCConfigurationList;
			buildConfigurations = (
				191A9A5AEAD9FA21FB334F01 /* Debug */,
				63B2E4FFD5FC8C382568E94D /* Release */,
			);
			defaultConfigurationIsVisible = 0;
			defaultConfigurationName = Debug;
		};
		EA1FCFF9BBC53C4E0D07DBF2 /* Build configuration list for PBXNativeTarget "BodyOps" */ = {
			isa = XCConfigurationList;
			buildConfigurations = (
				5DD9C6E72F8DC150840B9598 /* Debug */,
				D75B35C65F0B5157E1105855 /* Release */,
			);
			defaultConfigurationIsVisible = 0;
			defaultConfigurationName = Debug;
		};
/* End XCConfigurationList section */
	};
	rootObject = 347A03A93A608345C7A4E536 /* Project object */;
}
